
Microsoft Visual Studio Solution File, Format Version 12.00
# Visual Studio Version 16
VisualStudioVersion = 16.0.34031.81
MinimumVisualStudioVersion = 10.0.40219.1
Project("{2150E333-8FDC-42A3-9474-1A3956D46DE8}") = "Task0", "Task0", "{637CF314-5F03-4D63-A4EB-6E8BC3A26141}"
EndProject
Project("{FAE04EC0-301F-11D3-BF4B-00C04F79EFBC}") = "Tyuiu.MenshikovEA.Sprint5.Task0.V8", "Tyuiu.MenshikovEA.Sprint5.Task0.V8\Tyuiu.MenshikovEA.Sprint5.Task0.V8.csproj", "{85FA5385-86F4-497A-8D12-C91EA7CE9766}"
EndProject
Project("{FAE04EC0-301F-11D3-BF4B-00C04F79EFBC}") = "Tyuiu.MenshikovEA.Sprint5.Task0.V8.Lib", "Tyuiu.MenshikovEA.Sprint5.Task0.V8.Lib\Tyuiu.MenshikovEA.Sprint5.Task0.V8.Lib.csproj", "{5D6230B1-F70E-409D-A5D5-EF6F76F5246B}"
EndProject
Project("{FAE04EC0-301F-11D3-BF4B-00C04F79EFBC}") = "Tyuiu.MenshikovEA.Sprint5.Task0.V8.Test", "Tyuiu.MenshikovEA.Sprint5.Task0.V8.Test\Tyuiu.MenshikovEA.Sprint5.Task0.V8.Test.csproj", "{B11C7AFD-7716-4C3E-8CF2-8F9C04CB6984}"
EndProject
Project("{2150E333-8FDC-42A3-9474-1A3956D46DE8}") = "Task1", "Task1", "{CA245613-E137-4696-9827-F941425873A6}"
EndProject
Project("{FAE04EC0-301F-11D3-BF4B-00C04F79EFBC}") = "Tyuiu.MenshikovEA.Sprint5.Task1.V28", "Tyuiu.MenshikovEA.Sprint5.Task1.V28\Tyuiu.MenshikovEA.Sprint5.Task1.V28.csproj", "{31A912F7-57AA-4C48-9206-8AD2E4D349B4}"
EndProject
Project("{FAE04EC0-301F-11D3-BF4B-00C04F79EFBC}") = "Tyuiu.MenshikovEA.Sprint5.Task1.V28.Lib", "Tyuiu.MenshikovEA.Sprint5.Task1.V28.Lib\Tyuiu.MenshikovEA.Sprint5.Task1.V28.Lib.csproj", "{25BCD3C0-D60F-423C-8430-008CE6D22A71}"
EndProject
Project("{FAE04EC0-301F-11D3-BF4B-00C04F79EFBC}") = "Tyuiu.MenshikovEA.Sprint5.Task1.V28.Test", "Tyuiu.MenshikovEA.Sprint5.Task1.V28.Test\Tyuiu.MenshikovEA.Sprint5.Task1.V28.Test.csproj", "{57670B87-FC8E-40D1-93EC-31B0DA73FDE4}"
EndProject
Project("{2150E333-8FDC-42A3-9474-1A3956D46DE8}") = "Task2", "Task2", "{C6E2618B-3792-48D8-A2FB-1358DDB9DEBD}"
EndProject
Project("{FAE04EC0-301F-11D3-BF4B-00C04F79EFBC}") = "Tyuiu.MenshikovEA.Sprint5.Task2.V23", "Tyuiu.MenshikovEA.Sprint5.Task2.V23\Tyuiu.MenshikovEA.Sprint5.Task2.V23.csproj", "{611078FB-AE1D-401B-8290-474EA3E8F3BC}"
EndProject
Project("{FAE04EC0-301F-11D3-BF4B-00C04F79EFBC}") = "Tyuiu.MenshikovEA.Sprint5.Task2.V23.Lib", "Tyuiu.MenshikovEA.Sprint5.Task2.V23.Lib\Tyuiu.MenshikovEA.Sprint5.Task2.V23.Lib.csproj", "{70631A00-2242-4EB1-B307-0A1A01F9A3F9}"
EndProject
Project("{FAE04EC0-301F-11D3-BF4B-00C04F79EFBC}") = "Tyuiu.MenshikovEA.Sprint5.Task2.V23.Test", "Tyuiu.MenshikovEA.Sprint5.Task2.V23.Test\Tyuiu.MenshikovEA.Sprint5.Task2.V23.Test.csproj", "{D7013E7A-A945-49AF-8124-BAE15035AE33}"
EndProject
Project("{2150E333-8FDC-42A3-9474-1A3956D46DE8}") = "Task3", "Task3", "{3445FDCA-AAD4-4FC7-97D2-FFF084133AEE}"
EndProject
Project("{FAE04EC0-301F-11D3-BF4B-00C04F79EFBC}") = "Tyuiu.MenshikovEA.Sprint5.Task3.V15", "Tyuiu.MenshikovEA.Sprint5.Task3.V15\Tyuiu.MenshikovEA.Sprint5.Task3.V15.csproj", "{F12797B2-08CB-4405-9F28-11F7180052F2}"
EndProject
Project("{FAE04EC0-301F-11D3-BF4B-00C04F79EFBC}") = "Tyuiu.MenshikovEA.Sprint5.Task3.V15.Lib", "Tyuiu.MenshikovEA.Sprint5.Task3.V15.Lib\Tyuiu.MenshikovEA.Sprint5.Task3.V15.Lib.csproj", "{DB8E4964-912E-417C-A544-7ADE996FAA81}"
EndProject
Project("{FAE04EC0-301F-11D3-BF4B-00C04F79EFBC}") = "Tyuiu.MenshikovEA.Sprint5.Task3.V15.Test", "Tyuiu.MenshikovEA.Sprint5.Task3.V15.Test\Tyuiu.MenshikovEA.Sprint5.Task3.V15.Test.csproj", "{859D892B-6EBD-45B5-925D-23108CAB2E73}"
EndProject
Project("{2150E333-8FDC-42A3-9474-1A3956D46DE8}") = "Task4", "Task4", "{FB02CDF9-2315-4259-B399-C2C3820D0A96}"
EndProject
Project("{FAE04EC0-301F-11D3-BF4B-00C04F79EFBC}") = "Tyuiu.MenshikovEA.Sprint5.Task4.V27", "Tyuiu.MenshikovEA.Sprint5.Task4.V27\Tyuiu.MenshikovEA.Sprint5.Task4.V27.csproj", "{DACB38BF-E2FC-4342-96CB-956C90B5C0AB}"
EndProject
Project("{FAE04EC0-301F-11D3-BF4B-00C04F79EFBC}") = "Tyuiu.MenshikovEA.Sprint5.Task4.V27.Lib", "Tyuiu.MenshikovEA.Sprint5.Task4.V27.Lib\Tyuiu.MenshikovEA.Sprint5.Task4.V27.Lib.csproj", "{7FED3D3C-6C7E-48E2-B63A-863648AA09BF}"
EndProject
Project("{FAE04EC0-301F-11D3-BF4B-00C04F79EFBC}") = "Tyuiu.MenshikovEA.Sprint5.Task4.V27.Test", "Tyuiu.MenshikovEA.Sprint5.Task4.V27.Test\Tyuiu.MenshikovEA.Sprint5.Task4.V27.Test.csproj", "{E44CC0ED-1B49-46DE-A4CA-353E9C21FFE6}"
EndProject
Global
	GlobalSection(SolutionConfigurationPlatforms) = preSolution
		Debug|Any CPU = Debug|Any CPU
		Release|Any CPU = Release|Any CPU
	EndGlobalSection
	GlobalSection(ProjectConfigurationPlatforms) = postSolution
		{85FA5385-86F4-497A-8D12-C91EA7CE9766}.Debug|Any CPU.ActiveCfg = Debug|Any CPU
		{85FA5385-86F4-497A-8D12-C91EA7CE9766}.Debug|Any CPU.Build.0 = Debug|Any CPU
		{85FA5385-86F4-497A-8D12-C91EA7CE9766}.Release|Any CPU.ActiveCfg = Release|Any CPU
		{85FA5385-86F4-497A-8D12-C91EA7CE9766}.Release|Any CPU.Build.0 = Release|Any CPU
		{5D6230B1-F70E-409D-A5D5-EF6F76F5246B}.Debug|Any CPU.ActiveCfg = Debug|Any CPU
		{5D6230B1-F70E-409D-A5D5-EF6F76F5246B}.Debug|Any CPU.Build.0 = Debug|Any CPU
		{5D6230B1-F70E-409D-A5D5-EF6F76F5246B}.Release|Any CPU.ActiveCfg = Release|Any CPU
		{5D6230B1-F70E-409D-A5D5-EF6F76F5246B}.Release|Any CPU.Build.0 = Release|Any CPU
		{B11C7AFD-7716-4C3E-8CF2-8F9C04CB6984}.Debug|Any CPU.ActiveCfg = Debug|Any CPU
		{B11C7AFD-7716-4C3E-8CF2-8F9C04CB6984}.Debug|Any CPU.Build.0 = Debug|Any CPU
		{B11C7AFD-7716-4C3E-8CF2-8F9C04CB6984}.Release|Any CPU.ActiveCfg = Release|Any CPU
		{B11C7AFD-7716-4C3E-8CF2-8F9C04CB6984}.Release|Any CPU.Build.0 = Release|Any CPU
		{31A912F7-57AA-4C48-9206-8AD2E4D349B4}.Debug|Any CPU.ActiveCfg = Debug|Any CPU
		{31A912F7-57AA-4C48-9206-8AD2E4D349B4}.Debug|Any CPU.Build.0 = Debug|Any CPU
		{31A912F7-57AA-4C48-9206-8AD2E4D349B4}.Release|Any CPU.ActiveCfg = Release|Any CPU
		{31A912F7-57AA-4C48-9206-8AD2E4D349B4}.Release|Any CPU.Build.0 = Release|Any CPU
		{25BCD3C0-D60F-423C-8430-008CE6D22A71}.Debug|Any CPU.ActiveCfg = Debug|Any CPU
		{25BCD3C0-D60F-423C-8430-008CE6D22A71}.Debug|Any CPU.Build.0 = Debug|Any CPU
		{25BCD3C0-D60F-423C-8430-008CE6D22A71}.Release|Any CPU.ActiveCfg = Release|Any CPU
		{25BCD3C0-D60F-423C-8430-008CE6D22A71}.Release|Any CPU.Build.0 = Release|Any CPU
		{57670B87-FC8E-40D1-93EC-31B0DA73FDE4}.Debug|Any CPU.ActiveCfg = Debug|Any CPU
		{57670B87-FC8E-40D1-93EC-31B0DA73FDE4}.Debug|Any CPU.Build.0 = Debug|Any CPU
		{57670B87-FC8E-40D1-93EC-31B0DA73FDE4}.Release|Any CPU.ActiveCfg = Release|Any CPU
		{57670B87-FC8E-40D1-93EC-31B0DA73FDE4}.Release|Any CPU.Build.0 = Release|Any CPU
		{611078FB-AE1D-401B-8290-474EA3E8F3BC}.Debug|Any CPU.ActiveCfg = Debug|Any CPU
		{611078FB-AE1D-401B-8290-474EA3E8F3BC}.Debug|Any CPU.Build.0 = Debug|Any CPU
		{611078FB-AE1D-401B-8290-474EA3E8F3BC}.Release|Any CPU.ActiveCfg = Release|Any CPU
		{611078FB-AE1D-401B-8290-474EA3E8F3BC}.Release|Any CPU.Build.0 = Release|Any CPU
		{70631A00-2242-4EB1-B307-0A1A01F9A3F9}.Debug|Any CPU.ActiveCfg = Debug|Any CPU
		{70631A00-2242-4EB1-B307-0A1A01F9A3F9}.Debug|Any CPU.Build.0 = Debug|Any CPU
		{70631A00-2242-4EB1-B307-0A1A01F9A3F9}.Release|Any CPU.ActiveCfg = Release|Any CPU
		{70631A00-2242-4EB1-B307-0A1A01F9A3F9}.Release|Any CPU.Build.0 = Release|Any CPU
		{D7013E7A-A945-49AF-8124-BAE15035AE33}.Debug|Any CPU.ActiveCfg = Debug|Any CPU
		{D7013E7A-A945-49AF-8124-BAE15035AE33}.Debug|Any CPU.Build.0 = Debug|Any CPU
		{D7013E7A-A945-49AF-8124-BAE15035AE33}.Release|Any CPU.ActiveCfg = Release|Any CPU
		{D7013E7A-A945-49AF-8124-BAE15035AE33}.Release|Any CPU.Build.0 = Release|Any CPU
		{F12797B2-08CB-4405-9F28-11F7180052F2}.Debug|Any CPU.ActiveCfg = Debug|Any CPU
		{F12797B2-08CB-4405-9F28-11F7180052F2}.Debug|Any CPU.Build.0 = Debug|Any CPU
		{F12797B2-08CB-4405-9F28-11F7180052F2}.Release|Any CPU.ActiveCfg = Release|Any CPU
		{F12797B2-08CB-4405-9F28-11F7180052F2}.Release|Any CPU.Build.0 = Release|Any CPU
		{DB8E4964-912E-417C-A544-7ADE996FAA81}.Debug|Any CPU.ActiveCfg = Debug|Any CPU
		{DB8E4964-912E-417C-A544-7ADE996FAA81}.Debug|Any CPU.Build.0 = Debug|Any CPU
		{DB8E4964-912E-417C-A544-7ADE996FAA81}.Release|Any CPU.ActiveCfg = Release|Any CPU
		{DB8E4964-912E-417C-A544-7ADE996FAA81}.Release|Any CPU.Build.0 = Release|Any CPU
		{859D892B-6EBD-45B5-925D-23108CAB2E73}.Debug|Any CPU.ActiveCfg = Debug|Any CPU
		{859D892B-6EBD-45B5-925D-23108CAB2E73}.Debug|Any CPU.Build.0 = Debug|Any CPU
		{859D892B-6EBD-45B5-925D-23108CAB2E73}.Release|Any CPU.ActiveCfg = Release|Any CPU
		{859D892B-6EBD-45B5-925D-23108CAB2E73}.Release|Any CPU.Build.0 = Release|Any CPU
		{DACB38BF-E2FC-4342-96CB-956C90B5C0AB}.Debug|Any CPU.ActiveCfg = Debug|Any CPU
		{DACB38BF-E2FC-4342-96CB-956C90B5C0AB}.Debug|Any CPU.Build.0 = Debug|Any CPU
		{DACB38BF-E2FC-4342-96CB-956C90B5C0AB}.Release|Any CPU.ActiveCfg = Release|Any CPU
		{DACB38BF-E2FC-4342-96CB-956C90B5C0AB}.Release|Any CPU.Build.0 = Release|Any CPU
		{7FED3D3C-6C7E-48E2-B63A-863648AA09BF}.Debug|Any CPU.ActiveCfg = Debug|Any CPU
		{7FED3D3C-6C7E-48E2-B63A-863648AA09BF}.Debug|Any CPU.Build.0 = Debug|Any CPU
		{7FED3D3C-6C7E-48E2-B63A-863648AA09BF}.Release|Any CPU.ActiveCfg = Release|Any CPU
		{7FED3D3C-6C7E-48E2-B63A-863648AA09BF}.Release|Any CPU.Build.0 = Release|Any CPU
		{E44CC0ED-1B49-46DE-A4CA-353E9C21FFE6}.Debug|Any CPU.ActiveCfg = Debug|Any CPU
		{E44CC0ED-1B49-46DE-A4CA-353E9C21FFE6}.Debug|Any CPU.Build.0 = Debug|Any CPU
		{E44CC0ED-1B49-46DE-A4CA-353E9C21FFE6}.Release|Any CPU.ActiveCfg = Release|Any CPU
		{E44CC0ED-1B49-46DE-A4CA-353E9C21FFE6}.Release|Any CPU.Build.0 = Release|Any CPU
	EndGlobalSection
	GlobalSection(SolutionProperties) = preSolution
		HideSolutionNode = FALSE
	EndGlobalSection
	GlobalSection(NestedProjects) = preSolution
		{85FA5385-86F4-497A-8D12-C91EA7CE9766} = {637CF314-5F03-4D63-A4EB-6E8BC3A26141}
		{5D6230B1-F70E-409D-A5D5-EF6F76F5246B} = {637CF314-5F03-4D63-A4EB-6E8BC3A26141}
		{B11C7AFD-7716-4C3E-8CF2-8F9C04CB6984} = {637CF314-5F03-4D63-A4EB-6E8BC3A26141}
		{31A912F7-57AA-4C48-9206-8AD2E4D349B4} = {CA245613-E137-4696-9827-F941425873A6}
		{25BCD3C0-D60F-423C-8430-008CE6D22A71} = {CA245613-E137-4696-9827-F941425873A6}
		{57670B87-FC8E-40D1-93EC-31B0DA73FDE4} = {CA245613-E137-4696-9827-F941425873A6}
		{611078FB-AE1D-401B-8290-474EA3E8F3BC} = {C6E2618B-3792-48D8-A2FB-1358DDB9DEBD}
		{70631A00-2242-4EB1-B307-0A1A01F9A3F9} = {C6E2618B-3792-48D8-A2FB-1358DDB9DEBD}
		{D7013E7A-A945-49AF-8124-BAE15035AE33} = {C6E2618B-3792-48D8-A2FB-1358DDB9DEBD}
		{F12797B2-08CB-4405-9F28-11F7180052F2} = {3445FDCA-AAD4-4FC7-97D2-FFF084133AEE}
		{DB8E4964-912E-417C-A544-7ADE996FAA81} = {3445FDCA-AAD4-4FC7-97D2-FFF084133AEE}
		{859D892B-6EBD-45B5-925D-23108CAB2E73} = {3445FDCA-AAD4-4FC7-97D2-FFF084133AEE}
		{DACB38BF-E2FC-4342-96CB-956C90B5C0AB} = {FB02CDF9-2315-4259-B399-C2C3820D0A96}
		{7FED3D3C-6C7E-48E2-B63A-863648AA09BF} = {FB02CDF9-2315-4259-B399-C2C3820D0A96}
		{E44CC0ED-1B49-46DE-A4CA-353E9C21FFE6} = {FB02CDF9-2315-4259-B399-C2C3820D0A96}
	EndGlobalSection
	GlobalSection(ExtensibilityGlobals) = postSolution
		SolutionGuid = {EB8CB883-BE04-47DB-9432-F1228ECC0A39}
	EndGlobalSection
EndGlobal
